
Microsoft Visual Studio Solution File, Format Version 12.00
# Visual Studio 14
VisualStudioVersion = 14.0.25420.1
MinimumVisualStudioVersion = 10.0.40219.1
Project("{2150E333-8FDC-42A3-9474-1A3956D46DE8}") = "1-Model", "1-Model", "{0969688C-F3D7-4C62-8494-D6722E3FAC50}"
EndProject
Project("{2150E333-8FDC-42A3-9474-1A3956D46DE8}") = "2-EntityFramework", "2-EntityFramework", "{54F4B6EA-50E1-4ED2-8726-07D1CE10508F}"
EndProject
Project("{2150E333-8FDC-42A3-9474-1A3956D46DE8}") = "3-Repository", "3-Repository", "{3C743049-82C1-4142-A4D8-4578633B4B08}"
EndProject
Project("{2150E333-8FDC-42A3-9474-1A3956D46DE8}") = "4-UnitOfWork", "4-UnitOfWork", "{1EBC40E5-FFBE-4065-B9A7-3B66CA4D727A}"
EndProject
Project("{2150E333-8FDC-42A3-9474-1A3956D46DE8}") = "5-ApplicationService", "5-ApplicationService", "{497B72E2-D525-4EFA-AFD0-A9D4C888A2DB}"
EndProject
Project("{2150E333-8FDC-42A3-9474-1A3956D46DE8}") = "6-Presentation", "6-Presentation", "{6841F908-FA4A-42C6-95E6-1F166D3FB325}"
EndProject
Project("{FAE04EC0-301F-11D3-BF4B-00C04F79EFBC}") = "DJLNET.Model", "DJLNET.Model\DJLNET.Model.csproj", "{D9348CEA-54FB-48A5-8BB8-8C8B6B9122FF}"
EndProject
Project("{FAE04EC0-301F-11D3-BF4B-00C04F79EFBC}") = "DJLNET.EntityFramework", "DJLNET.EntityFramework\DJLNET.EntityFramework.csproj", "{4B762A5E-7ADC-49EB-BCED-E089F9E2D484}"
EndProject
Project("{FAE04EC0-301F-11D3-BF4B-00C04F79EFBC}") = "DJLNET.Repository", "DJLNET.Repository\DJLNET.Repository.csproj", "{5D7A183A-9910-4125-A4FB-AF6E5AE66B01}"
EndProject
Project("{FAE04EC0-301F-11D3-BF4B-00C04F79EFBC}") = "DJLNET.Repository.Interfaces", "DJLNET.Repository.Interfaces\DJLNET.Repository.Interfaces.csproj", "{C32F3049-91DE-4C66-833D-6EB284EE5A22}"
EndProject
Project("{FAE04EC0-301F-11D3-BF4B-00C04F79EFBC}") = "DJLNET.UnitOfWork", "DJLNET.UnitOfWork\DJLNET.UnitOfWork.csproj", "{C25AD3F9-2E1B-43BA-9174-1E3ACEF40F6B}"
EndProject
Project("{FAE04EC0-301F-11D3-BF4B-00C04F79EFBC}") = "DJLNET.ApplicationService", "DJLNET.ApplicationService\DJLNET.ApplicationService.csproj", "{EBF07BC7-4467-4401-84E1-0312E3ECAB7F}"
EndProject
Project("{FAE04EC0-301F-11D3-BF4B-00C04F79EFBC}") = "DJLNET.ApplicationService.Interfaces", "DJLNET.ApplicationService.Interfaces\DJLNET.ApplicationService.Interfaces.csproj", "{2667FFEB-D001-4678-96F9-89E4487F6926}"
EndProject
Project("{FAE04EC0-301F-11D3-BF4B-00C04F79EFBC}") = "DJLNET.WebMvc", "DJLNET.WebMvc\DJLNET.WebMvc.csproj", "{64B61FE9-3477-476B-8746-6F3CC65C3270}"
EndProject
Project("{FAE04EC0-301F-11D3-BF4B-00C04F79EFBC}") = "DJLNET.WebApi", "DJLNET.WebApi\DJLNET.WebApi.csproj", "{38C488CA-E553-4C4A-BB60-BCEC840314A9}"
EndProject
Project("{2150E333-8FDC-42A3-9474-1A3956D46DE8}") = "7-Test", "7-Test", "{15944F5A-837D-4F1B-B3E3-E242D1D644DA}"
EndProject
Project("{FAE04EC0-301F-11D3-BF4B-00C04F79EFBC}") = "DJLNET.Test", "DJLNET.Test\DJLNET.Test.csproj", "{ECA7BBF5-7804-42B8-9547-540059935952}"
EndProject
Global
	GlobalSection(SolutionConfigurationPlatforms) = preSolution
		Debug|Any CPU = Debug|Any CPU
		Release|Any CPU = Release|Any CPU
	EndGlobalSection
	GlobalSection(ProjectConfigurationPlatforms) = postSolution
		{D9348CEA-54FB-48A5-8BB8-8C8B6B9122FF}.Debug|Any CPU.ActiveCfg = Debug|Any CPU
		{D9348CEA-54FB-48A5-8BB8-8C8B6B9122FF}.Debug|Any CPU.Build.0 = Debug|Any CPU
		{D9348CEA-54FB-48A5-8BB8-8C8B6B9122FF}.Release|Any CPU.ActiveCfg = Release|Any CPU
		{D9348CEA-54FB-48A5-8BB8-8C8B6B9122FF}.Release|Any CPU.Build.0 = Release|Any CPU
		{4B762A5E-7ADC-49EB-BCED-E089F9E2D484}.Debug|Any CPU.ActiveCfg = Debug|Any CPU
		{4B762A5E-7ADC-49EB-BCED-E089F9E2D484}.Debug|Any CPU.Build.0 = Debug|Any CPU
		{4B762A5E-7ADC-49EB-BCED-E089F9E2D484}.Release|Any CPU.ActiveCfg = Release|Any CPU
		{4B762A5E-7ADC-49EB-BCED-E089F9E2D484}.Release|Any CPU.Build.0 = Release|Any CPU
		{5D7A183A-9910-4125-A4FB-AF6E5AE66B01}.Debug|Any CPU.ActiveCfg = Debug|Any CPU
		{5D7A183A-9910-4125-A4FB-AF6E5AE66B01}.Debug|Any CPU.Build.0 = Debug|Any CPU
		{5D7A183A-9910-4125-A4FB-AF6E5AE66B01}.Release|Any CPU.ActiveCfg = Release|Any CPU
		{5D7A183A-9910-4125-A4FB-AF6E5AE66B01}.Release|Any CPU.Build.0 = Release|Any CPU
		{C32F3049-91DE-4C66-833D-6EB284EE5A22}.Debug|Any CPU.ActiveCfg = Debug|Any CPU
		{C32F3049-91DE-4C66-833D-6EB284EE5A22}.Debug|Any CPU.Build.0 = Debug|Any CPU
		{C32F3049-91DE-4C66-833D-6EB284EE5A22}.Release|Any CPU.ActiveCfg = Release|Any CPU
		{C32F3049-91DE-4C66-833D-6EB284EE5A22}.Release|Any CPU.Build.0 = Release|Any CPU
		{C25AD3F9-2E1B-43BA-9174-1E3ACEF40F6B}.Debug|Any CPU.ActiveCfg = Debug|Any CPU
		{C25AD3F9-2E1B-43BA-9174-1E3ACEF40F6B}.Debug|Any CPU.Build.0 = Debug|Any CPU
		{C25AD3F9-2E1B-43BA-9174-1E3ACEF40F6B}.Release|Any CPU.ActiveCfg = Release|Any CPU
		{C25AD3F9-2E1B-43BA-9174-1E3ACEF40F6B}.Release|Any CPU.Build.0 = Release|Any CPU
		{EBF07BC7-4467-4401-84E1-0312E3ECAB7F}.Debug|Any CPU.ActiveCfg = Debug|Any CPU
		{EBF07BC7-4467-4401-84E1-0312E3ECAB7F}.Debug|Any CPU.Build.0 = Debug|Any CPU
		{EBF07BC7-4467-4401-84E1-0312E3ECAB7F}.Release|Any CPU.ActiveCfg = Release|Any CPU
		{EBF07BC7-4467-4401-84E1-0312E3ECAB7F}.Release|Any CPU.Build.0 = Release|Any CPU
		{2667FFEB-D001-4678-96F9-89E4487F6926}.Debug|Any CPU.ActiveCfg = Debug|Any CPU
		{2667FFEB-D001-4678-96F9-89E4487F6926}.Debug|Any CPU.Build.0 = Debug|Any CPU
		{2667FFEB-D001-4678-96F9-89E4487F6926}.Release|Any CPU.ActiveCfg = Release|Any CPU
		{2667FFEB-D001-4678-96F9-89E4487F6926}.Release|Any CPU.Build.0 = Release|Any CPU
		{64B61FE9-3477-476B-8746-6F3CC65C3270}.Debug|Any CPU.ActiveCfg = Debug|Any CPU
		{64B61FE9-3477-476B-8746-6F3CC65C3270}.Debug|Any CPU.Build.0 = Debug|Any CPU
		{64B61FE9-3477-476B-8746-6F3CC65C3270}.Release|Any CPU.ActiveCfg = Release|Any CPU
		{64B61FE9-3477-476B-8746-6F3CC65C3270}.Release|Any CPU.Build.0 = Release|Any CPU
		{38C488CA-E553-4C4A-BB60-BCEC840314A9}.Debug|Any CPU.ActiveCfg = Debug|Any CPU
		{38C488CA-E553-4C4A-BB60-BCEC840314A9}.Debug|Any CPU.Build.0 = Debug|Any CPU
		{38C488CA-E553-4C4A-BB60-BCEC840314A9}.Release|Any CPU.ActiveCfg = Release|Any CPU
		{38C488CA-E553-4C4A-BB60-BCEC840314A9}.Release|Any CPU.Build.0 = Release|Any CPU
		{ECA7BBF5-7804-42B8-9547-540059935952}.Debug|Any CPU.ActiveCfg = Debug|Any CPU
		{ECA7BBF5-7804-42B8-9547-540059935952}.Debug|Any CPU.Build.0 = Debug|Any CPU
		{ECA7BBF5-7804-42B8-9547-540059935952}.Release|Any CPU.ActiveCfg = Release|Any CPU
		{ECA7BBF5-7804-42B8-9547-540059935952}.Release|Any CPU.Build.0 = Release|Any CPU
	EndGlobalSection
	GlobalSection(SolutionProperties) = preSolution
		HideSolutionNode = FALSE
	EndGlobalSection
	GlobalSection(NestedProjects) = preSolution
		{D9348CEA-54FB-48A5-8BB8-8C8B6B9122FF} = {0969688C-F3D7-4C62-8494-D6722E3FAC50}
		{4B762A5E-7ADC-49EB-BCED-E089F9E2D484} = {54F4B6EA-50E1-4ED2-8726-07D1CE10508F}
		{5D7A183A-9910-4125-A4FB-AF6E5AE66B01} = {3C743049-82C1-4142-A4D8-4578633B4B08}
		{C32F3049-91DE-4C66-833D-6EB284EE5A22} = {3C743049-82C1-4142-A4D8-4578633B4B08}
		{C25AD3F9-2E1B-43BA-9174-1E3ACEF40F6B} = {1EBC40E5-FFBE-4065-B9A7-3B66CA4D727A}
		{EBF07BC7-4467-4401-84E1-0312E3ECAB7F} = {497B72E2-D525-4EFA-AFD0-A9D4C888A2DB}
		{2667FFEB-D001-4678-96F9-89E4487F6926} = {497B72E2-D525-4EFA-AFD0-A9D4C888A2DB}
		{64B61FE9-3477-476B-8746-6F3CC65C3270} = {6841F908-FA4A-42C6-95E6-1F166D3FB325}
		{38C488CA-E553-4C4A-BB60-BCEC840314A9} = {6841F908-FA4A-42C6-95E6-1F166D3FB325}
		{ECA7BBF5-7804-42B8-9547-540059935952} = {15944F5A-837D-4F1B-B3E3-E242D1D644DA}
	EndGlobalSection
EndGlobal
